
Microsoft Visual Studio Solution File, Format Version 12.00
# Visual Studio Version 17
VisualStudioVersion = 17.0.32014.148
MinimumVisualStudioVersion = 10.0.40219.1
Project("{FAE04EC0-301F-11D3-BF4B-00C04F79EFBC}") = "GAME", "GAME\GAME.csproj", "{DFD0C274-7D89-4529-93C8-7465F6DD45B0}"
EndProject
Global
	GlobalSection(SolutionConfigurationPlatforms) = preSolution
		Debug|Any CPU = Debug|Any CPU
		Release|Any CPU = Release|Any CPU
	EndGlobalSection
	GlobalSection(ProjectConfigurationPlatforms) = postSolution
		{DFD0C274-7D89-4529-93C8-7465F6DD45B0}.Debug|Any CPU.ActiveCfg = Debug|Any CPU
		{DFD0C274-7D89-4529-93C8-7465F6DD45B0}.Debug|Any CPU.Build.0 = Debug|Any CPU
		{DFD0C274-7D89-4529-93C8-7465F6DD45B0}.Release|Any CPU.ActiveCfg = Release|Any CPU
		{DFD0C274-7D89-4529-93C8-7465F6DD45B0}.Release|Any CPU.Build.0 = Release|Any CPU
	EndGlobalSection
	GlobalSection(SolutionProperties) = preSolution
		HideSolutionNode = FALSE
	EndGlobalSection
	GlobalSection(ExtensibilityGlobals) = postSolution
		SolutionGuid = {A3EAC8C1-51D0-4EEB-B695-3285035A4FDF}
	EndGlobalSection
EndGlobal
